// !$*UTF8*$!
{
	archiveVersion = 1;
	classes = {
	};
	objectVersion = 50;
	objects = {

/* Begin PBXBuildFile section */
		2C20667621FD628E0082570E /* AppDelegate.swift in Sources */ = {isa = PBXBuildFile; fileRef = 2C20667521FD628E0082570E /* AppDelegate.swift */; };
		2C20667821FD62910082570E /* Assets.xcassets in Resources */ = {isa = PBXBuildFile; fileRef = 2C20667721FD62910082570E /* Assets.xcassets */; };
		2C20667B21FD62910082570E /* MainMenu.xib in Resources */ = {isa = PBXBuildFile; fileRef = 2C20667921FD62910082570E /* MainMenu.xib */; };
		2C20668B21FD63C90082570E /* MainViewController.swift in Sources */ = {isa = PBXBuildFile; fileRef = 2C20668921FD63C90082570E /* MainViewController.swift */; };
		2C20669121FD64A20082570E /* DefaultTheme.swift in Sources */ = {isa = PBXBuildFile; fileRef = 2C20668F21FD64A20082570E /* DefaultTheme.swift */; };
		2C20669521FD6F400082570E /* BoopLexer.swift in Sources */ = {isa = PBXBuildFile; fileRef = 2C20669321FD6F400082570E /* BoopLexer.swift */; };
		2C20669A21FD76900082570E /* StatusView.swift in Sources */ = {isa = PBXBuildFile; fileRef = 2C20669921FD76900082570E /* StatusView.swift */; };
		2C20669C21FE3E060082570E /* BoopToken.swift in Sources */ = {isa = PBXBuildFile; fileRef = 2C20669B21FE3E060082570E /* BoopToken.swift */; };
		2C20669E21FE445E0082570E /* OverlayView.swift in Sources */ = {isa = PBXBuildFile; fileRef = 2C20669D21FE445E0082570E /* OverlayView.swift */; };
		2C2066A221FE47090082570E /* PopoverViewController.swift in Sources */ = {isa = PBXBuildFile; fileRef = 2C2066A121FE47090082570E /* PopoverViewController.swift */; };
		2C2066A421FE47CE0082570E /* PopoverView.swift in Sources */ = {isa = PBXBuildFile; fileRef = 2C2066A321FE47CE0082570E /* PopoverView.swift */; };
		2C2066A621FE53870082570E /* SearchField.swift in Sources */ = {isa = PBXBuildFile; fileRef = 2C2066A521FE53870082570E /* SearchField.swift */; };
		2C3B003E22E3775300BBD4D0 /* SavannaKit.framework in Frameworks */ = {isa = PBXBuildFile; fileRef = 2C3B003D22E3775300BBD4D0 /* SavannaKit.framework */; };
		2C3B004022E3776D00BBD4D0 /* SavannaKit.framework in CopyFiles */ = {isa = PBXBuildFile; fileRef = 2C3B003D22E3775300BBD4D0 /* SavannaKit.framework */; settings = {ATTRIBUTES = (CodeSignOnCopy, RemoveHeadersOnCopy, ); }; };
		2C53B6E0226D404E00DC6861 /* ScriptExecution.swift in Sources */ = {isa = PBXBuildFile; fileRef = 2C53B6DF226D404E00DC6861 /* ScriptExecution.swift */; };
		2C5ED41E2357F67200322893 /* Preferences.storyboard in Resources */ = {isa = PBXBuildFile; fileRef = 2C5ED41D2357F67200322893 /* Preferences.storyboard */; };
		2C9118B623406B530018916F /* Colors.swift in Sources */ = {isa = PBXBuildFile; fileRef = 2C9118B523406B530018916F /* Colors.swift */; };
		2C9761D52214E11600AFF8CD /* scripts in Resources */ = {isa = PBXBuildFile; fileRef = 2C9761D42214E11600AFF8CD /* scripts */; };
		2C9761D92214E3B500AFF8CD /* ScriptsTableViewController.swift in Sources */ = {isa = PBXBuildFile; fileRef = 2C9761D82214E3B500AFF8CD /* ScriptsTableViewController.swift */; };
		2C9761DC2214E45300AFF8CD /* ScriptManager.swift in Sources */ = {isa = PBXBuildFile; fileRef = 2C9761DB2214E45300AFF8CD /* ScriptManager.swift */; };
		2C9761DF2214E46800AFF8CD /* Script.swift in Sources */ = {isa = PBXBuildFile; fileRef = 2C9761DE2214E46800AFF8CD /* Script.swift */; };
		2C9761E12214E68D00AFF8CD /* ScriptTableViewCell.swift in Sources */ = {isa = PBXBuildFile; fileRef = 2C9761E02214E68D00AFF8CD /* ScriptTableViewCell.swift */; };
		2CA245D822480F9500586DFD /* FuseUtilities.swift in Sources */ = {isa = PBXBuildFile; fileRef = 2CA245D522480F9500586DFD /* FuseUtilities.swift */; };
		2CA245D922480F9500586DFD /* String+Fuse.swift in Sources */ = {isa = PBXBuildFile; fileRef = 2CA245D622480F9500586DFD /* String+Fuse.swift */; };
		2CA245DA22480F9500586DFD /* Fuse.swift in Sources */ = {isa = PBXBuildFile; fileRef = 2CA245D722480F9500586DFD /* Fuse.swift */; };
		2CA245DC224822EA00586DFD /* ScriptTableView.swift in Sources */ = {isa = PBXBuildFile; fileRef = 2CA245DB224822EA00586DFD /* ScriptTableView.swift */; };
		2CC211C3236E3141007CECEE /* PreferencesTabViewController.swift in Sources */ = {isa = PBXBuildFile; fileRef = 2CC211C2236E3141007CECEE /* PreferencesTabViewController.swift */; };
		2CC211C5236FB5C1007CECEE /* ScriptsSettingsViewController.swift in Sources */ = {isa = PBXBuildFile; fileRef = 2CC211C4236FB5C1007CECEE /* ScriptsSettingsViewController.swift */; };
/* End PBXBuildFile section */

/* Begin PBXCopyFilesBuildPhase section */
		2C3B003C22E3758100BBD4D0 /* Embed Frameworks */ = {
			isa = PBXCopyFilesBuildPhase;
			buildActionMask = 2147483647;
			dstPath = "";
			dstSubfolderSpec = 10;
			files = (
			);
			name = "Embed Frameworks";
			runOnlyForDeploymentPostprocessing = 0;
		};
		2C3B003F22E3776800BBD4D0 /* CopyFiles */ = {
			isa = PBXCopyFilesBuildPhase;
			buildActionMask = 2147483647;
			dstPath = "";
			dstSubfolderSpec = 10;
			files = (
				2C3B004022E3776D00BBD4D0 /* SavannaKit.framework in CopyFiles */,
			);
			runOnlyForDeploymentPostprocessing = 0;
		};
/* End PBXCopyFilesBuildPhase section */

/* Begin PBXFileReference section */
		2C20667221FD628E0082570E /* Boop.app */ = {isa = PBXFileReference; explicitFileType = wrapper.application; includeInIndex = 0; path = Boop.app; sourceTree = BUILT_PRODUCTS_DIR; };
		2C20667521FD628E0082570E /* AppDelegate.swift */ = {isa = PBXFileReference; lastKnownFileType = sourcecode.swift; path = AppDelegate.swift; sourceTree = "<group>"; };
		2C20667721FD62910082570E /* Assets.xcassets */ = {isa = PBXFileReference; lastKnownFileType = folder.assetcatalog; path = Assets.xcassets; sourceTree = "<group>"; };
		2C20667A21FD62910082570E /* Base */ = {isa = PBXFileReference; lastKnownFileType = file.xib; name = Base; path = Base.lproj/MainMenu.xib; sourceTree = "<group>"; };
		2C20667C21FD62910082570E /* Info.plist */ = {isa = PBXFileReference; lastKnownFileType = text.plist.xml; path = Info.plist; sourceTree = "<group>"; };
		2C20667D21FD62910082570E /* Boop.entitlements */ = {isa = PBXFileReference; lastKnownFileType = text.plist.entitlements; path = Boop.entitlements; sourceTree = "<group>"; };
		2C20668921FD63C90082570E /* MainViewController.swift */ = {isa = PBXFileReference; lastKnownFileType = sourcecode.swift; path = MainViewController.swift; sourceTree = "<group>"; };
		2C20668F21FD64A20082570E /* DefaultTheme.swift */ = {isa = PBXFileReference; lastKnownFileType = sourcecode.swift; path = DefaultTheme.swift; sourceTree = "<group>"; };
		2C20669321FD6F400082570E /* BoopLexer.swift */ = {isa = PBXFileReference; lastKnownFileType = sourcecode.swift; path = BoopLexer.swift; sourceTree = "<group>"; };
		2C20669921FD76900082570E /* StatusView.swift */ = {isa = PBXFileReference; lastKnownFileType = sourcecode.swift; path = StatusView.swift; sourceTree = "<group>"; };
		2C20669B21FE3E060082570E /* BoopToken.swift */ = {isa = PBXFileReference; lastKnownFileType = sourcecode.swift; path = BoopToken.swift; sourceTree = "<group>"; };
		2C20669D21FE445E0082570E /* OverlayView.swift */ = {isa = PBXFileReference; lastKnownFileType = sourcecode.swift; path = OverlayView.swift; sourceTree = "<group>"; };
		2C2066A121FE47090082570E /* PopoverViewController.swift */ = {isa = PBXFileReference; lastKnownFileType = sourcecode.swift; path = PopoverViewController.swift; sourceTree = "<group>"; };
		2C2066A321FE47CE0082570E /* PopoverView.swift */ = {isa = PBXFileReference; lastKnownFileType = sourcecode.swift; path = PopoverView.swift; sourceTree = "<group>"; };
		2C2066A521FE53870082570E /* SearchField.swift */ = {isa = PBXFileReference; lastKnownFileType = sourcecode.swift; path = SearchField.swift; sourceTree = "<group>"; };
		2C3B003D22E3775300BBD4D0 /* SavannaKit.framework */ = {isa = PBXFileReference; lastKnownFileType = wrapper.framework; name = SavannaKit.framework; path = ../../../Carthage/Build/Mac/SavannaKit.framework; sourceTree = "<group>"; };
		2C53B6DF226D404E00DC6861 /* ScriptExecution.swift */ = {isa = PBXFileReference; lastKnownFileType = sourcecode.swift; path = ScriptExecution.swift; sourceTree = "<group>"; };
		2C5ED41D2357F67200322893 /* Preferences.storyboard */ = {isa = PBXFileReference; lastKnownFileType = file.storyboard; path = Preferences.storyboard; sourceTree = "<group>"; };
		2C9118B523406B530018916F /* Colors.swift */ = {isa = PBXFileReference; lastKnownFileType = sourcecode.swift; path = Colors.swift; sourceTree = "<group>"; };
		2C9761D42214E11600AFF8CD /* scripts */ = {isa = PBXFileReference; lastKnownFileType = folder; path = scripts; sourceTree = "<group>"; };
		2C9761D82214E3B500AFF8CD /* ScriptsTableViewController.swift */ = {isa = PBXFileReference; lastKnownFileType = sourcecode.swift; path = ScriptsTableViewController.swift; sourceTree = "<group>"; };
		2C9761DB2214E45300AFF8CD /* ScriptManager.swift */ = {isa = PBXFileReference; fileEncoding = 4; lastKnownFileType = sourcecode.swift; path = ScriptManager.swift; sourceTree = "<group>"; };
		2C9761DE2214E46800AFF8CD /* Script.swift */ = {isa = PBXFileReference; lastKnownFileType = sourcecode.swift; path = Script.swift; sourceTree = "<group>"; };
		2C9761E02214E68D00AFF8CD /* ScriptTableViewCell.swift */ = {isa = PBXFileReference; lastKnownFileType = sourcecode.swift; path = ScriptTableViewCell.swift; sourceTree = "<group>"; };
		2CA245D522480F9500586DFD /* FuseUtilities.swift */ = {isa = PBXFileReference; fileEncoding = 4; lastKnownFileType = sourcecode.swift; name = FuseUtilities.swift; path = "../../../Carthage/Checkouts/fuse-swift/Fuse/Classes/FuseUtilities.swift"; sourceTree = "<group>"; };
		2CA245D622480F9500586DFD /* String+Fuse.swift */ = {isa = PBXFileReference; fileEncoding = 4; lastKnownFileType = sourcecode.swift; name = "String+Fuse.swift"; path = "../../../Carthage/Checkouts/fuse-swift/Fuse/Classes/String+Fuse.swift"; sourceTree = "<group>"; };
		2CA245D722480F9500586DFD /* Fuse.swift */ = {isa = PBXFileReference; fileEncoding = 4; lastKnownFileType = sourcecode.swift; name = Fuse.swift; path = "../../../Carthage/Checkouts/fuse-swift/Fuse/Classes/Fuse.swift"; sourceTree = "<group>"; };
		2CA245DB224822EA00586DFD /* ScriptTableView.swift */ = {isa = PBXFileReference; lastKnownFileType = sourcecode.swift; path = ScriptTableView.swift; sourceTree = "<group>"; };
		2CC211C2236E3141007CECEE /* PreferencesTabViewController.swift */ = {isa = PBXFileReference; lastKnownFileType = sourcecode.swift; path = PreferencesTabViewController.swift; sourceTree = "<group>"; };
		2CC211C4236FB5C1007CECEE /* ScriptsSettingsViewController.swift */ = {isa = PBXFileReference; lastKnownFileType = sourcecode.swift; path = ScriptsSettingsViewController.swift; sourceTree = "<group>"; };
/* End PBXFileReference section */

/* Begin PBXFrameworksBuildPhase section */
		2C20666F21FD628E0082570E /* Frameworks */ = {
			isa = PBXFrameworksBuildPhase;
			buildActionMask = 2147483647;
			files = (
				2C3B003E22E3775300BBD4D0 /* SavannaKit.framework in Frameworks */,
			);
			runOnlyForDeploymentPostprocessing = 0;
		};
/* End PBXFrameworksBuildPhase section */

/* Begin PBXGroup section */
		2C20666921FD628E0082570E = {
			isa = PBXGroup;
			children = (
				2C5ED41C2357F65400322893 /* UI */,
				2CA245D322480F2200586DFD /* Dependencies */,
				2C20667421FD628E0082570E /* Boop */,
				2C20667321FD628E0082570E /* Products */,
			);
			sourceTree = "<group>";
		};
		2C20667321FD628E0082570E /* Products */ = {
			isa = PBXGroup;
			children = (
				2C20667221FD628E0082570E /* Boop.app */,
			);
			name = Products;
			sourceTree = "<group>";
		};
		2C20667421FD628E0082570E /* Boop */ = {
			isa = PBXGroup;
			children = (
				2C9761DA2214E44300AFF8CD /* System */,
				2C9761D42214E11600AFF8CD /* scripts */,
				2C20669821FD767E0082570E /* Views */,
				2C20668D21FD64330082570E /* Editor */,
				2C20668821FD63AB0082570E /* Controllers */,
				2C20668321FD62D00082570E /* Frameworks */,
				2C20667521FD628E0082570E /* AppDelegate.swift */,
				2C20667721FD62910082570E /* Assets.xcassets */,
				2C20667C21FD62910082570E /* Info.plist */,
				2C20667D21FD62910082570E /* Boop.entitlements */,
			);
			path = Boop;
			sourceTree = "<group>";
		};
		2C20668321FD62D00082570E /* Frameworks */ = {
			isa = PBXGroup;
			children = (
				2C3B003D22E3775300BBD4D0 /* SavannaKit.framework */,
			);
			path = Frameworks;
			sourceTree = "<group>";
		};
		2C20668821FD63AB0082570E /* Controllers */ = {
			isa = PBXGroup;
			children = (
				2CC211C1236E3125007CECEE /* Preferences */,
				2C20668921FD63C90082570E /* MainViewController.swift */,
				2C2066A121FE47090082570E /* PopoverViewController.swift */,
				2C9761D82214E3B500AFF8CD /* ScriptsTableViewController.swift */,
			);
			path = Controllers;
			sourceTree = "<group>";
		};
		2C20668D21FD64330082570E /* Editor */ = {
			isa = PBXGroup;
			children = (
				2C20668E21FD64580082570E /* Themes */,
				2C20669321FD6F400082570E /* BoopLexer.swift */,
				2C20669B21FE3E060082570E /* BoopToken.swift */,
			);
			path = Editor;
			sourceTree = "<group>";
		};
		2C20668E21FD64580082570E /* Themes */ = {
			isa = PBXGroup;
			children = (
				2C20668F21FD64A20082570E /* DefaultTheme.swift */,
				2C9118B523406B530018916F /* Colors.swift */,
			);
			path = Themes;
			sourceTree = "<group>";
		};
		2C20669821FD767E0082570E /* Views */ = {
			isa = PBXGroup;
			children = (
				2C20669921FD76900082570E /* StatusView.swift */,
				2C20669D21FE445E0082570E /* OverlayView.swift */,
				2C2066A321FE47CE0082570E /* PopoverView.swift */,
				2C2066A521FE53870082570E /* SearchField.swift */,
				2C9761E02214E68D00AFF8CD /* ScriptTableViewCell.swift */,
				2CA245DB224822EA00586DFD /* ScriptTableView.swift */,
			);
			path = Views;
			sourceTree = "<group>";
		};
		2C5ED41C2357F65400322893 /* UI */ = {
			isa = PBXGroup;
			children = (
				2C20667921FD62910082570E /* MainMenu.xib */,
				2C5ED41D2357F67200322893 /* Preferences.storyboard */,
			);
			path = UI;
			sourceTree = "<group>";
		};
		2C9761DA2214E44300AFF8CD /* System */ = {
			isa = PBXGroup;
			children = (
				2C9761DD2214E45D00AFF8CD /* Models */,
				2C9761DB2214E45300AFF8CD /* ScriptManager.swift */,
			);
			path = System;
			sourceTree = "<group>";
		};
		2C9761DD2214E45D00AFF8CD /* Models */ = {
			isa = PBXGroup;
			children = (
				2C9761DE2214E46800AFF8CD /* Script.swift */,
				2C53B6DF226D404E00DC6861 /* ScriptExecution.swift */,
			);
			path = Models;
			sourceTree = "<group>";
		};
		2CA245D322480F2200586DFD /* Dependencies */ = {
			isa = PBXGroup;
			children = (
				2CA245D422480F8C00586DFD /* Fuse */,
			);
			path = Dependencies;
			sourceTree = "<group>";
		};
		2CA245D422480F8C00586DFD /* Fuse */ = {
			isa = PBXGroup;
			children = (
				2CA245D722480F9500586DFD /* Fuse.swift */,
				2CA245D522480F9500586DFD /* FuseUtilities.swift */,
				2CA245D622480F9500586DFD /* String+Fuse.swift */,
			);
			path = Fuse;
			sourceTree = "<group>";
		};
		2CC211C1236E3125007CECEE /* Preferences */ = {
			isa = PBXGroup;
			children = (
				2CC211C2236E3141007CECEE /* PreferencesTabViewController.swift */,
				2CC211C4236FB5C1007CECEE /* ScriptsSettingsViewController.swift */,
			);
			path = Preferences;
			sourceTree = "<group>";
		};
/* End PBXGroup section */

/* Begin PBXNativeTarget section */
		2C20667121FD628E0082570E /* Boop */ = {
			isa = PBXNativeTarget;
			buildConfigurationList = 2C20668021FD62910082570E /* Build configuration list for PBXNativeTarget "Boop" */;
			buildPhases = (
				2C20666E21FD628E0082570E /* Sources */,
				2C20666F21FD628E0082570E /* Frameworks */,
				2C20667021FD628E0082570E /* Resources */,
				2C3B003C22E3758100BBD4D0 /* Embed Frameworks */,
				2C3B003F22E3776800BBD4D0 /* CopyFiles */,
			);
			buildRules = (
			);
			dependencies = (
			);
			name = Boop;
			productName = Boop;
			productReference = 2C20667221FD628E0082570E /* Boop.app */;
			productType = "com.apple.product-type.application";
		};
/* End PBXNativeTarget section */

/* Begin PBXProject section */
		2C20666A21FD628E0082570E /* Project object */ = {
			isa = PBXProject;
			attributes = {
				LastSwiftUpdateCheck = 1010;
				LastUpgradeCheck = 1010;
				ORGANIZATIONNAME = OKatBest;
				TargetAttributes = {
					2C20667121FD628E0082570E = {
						CreatedOnToolsVersion = 10.1;
					};
				};
			};
			buildConfigurationList = 2C20666D21FD628E0082570E /* Build configuration list for PBXProject "Boop" */;
			compatibilityVersion = "Xcode 9.3";
			developmentRegion = en;
			hasScannedForEncodings = 0;
			knownRegions = (
				en,
				Base,
			);
			mainGroup = 2C20666921FD628E0082570E;
			productRefGroup = 2C20667321FD628E0082570E /* Products */;
			projectDirPath = "";
			projectRoot = "";
			targets = (
				2C20667121FD628E0082570E /* Boop */,
			);
		};
/* End PBXProject section */

/* Begin PBXResourcesBuildPhase section */
		2C20667021FD628E0082570E /* Resources */ = {
			isa = PBXResourcesBuildPhase;
			buildActionMask = 2147483647;
			files = (
				2C9761D52214E11600AFF8CD /* scripts in Resources */,
				2C20667821FD62910082570E /* Assets.xcassets in Resources */,
				2C20667B21FD62910082570E /* MainMenu.xib in Resources */,
				2C5ED41E2357F67200322893 /* Preferences.storyboard in Resources */,
			);
			runOnlyForDeploymentPostprocessing = 0;
		};
/* End PBXResourcesBuildPhase section */

/* Begin PBXSourcesBuildPhase section */
		2C20666E21FD628E0082570E /* Sources */ = {
			isa = PBXSourcesBuildPhase;
			buildActionMask = 2147483647;
			files = (
				2CC211C5236FB5C1007CECEE /* ScriptsSettingsViewController.swift in Sources */,
				2C53B6E0226D404E00DC6861 /* ScriptExecution.swift in Sources */,
				2C9118B623406B530018916F /* Colors.swift in Sources */,
				2C2066A221FE47090082570E /* PopoverViewController.swift in Sources */,
				2CA245D922480F9500586DFD /* String+Fuse.swift in Sources */,
				2C9761DF2214E46800AFF8CD /* Script.swift in Sources */,
				2C20669121FD64A20082570E /* DefaultTheme.swift in Sources */,
				2CA245DA22480F9500586DFD /* Fuse.swift in Sources */,
				2C9761DC2214E45300AFF8CD /* ScriptManager.swift in Sources */,
				2C20667621FD628E0082570E /* AppDelegate.swift in Sources */,
				2C20669E21FE445E0082570E /* OverlayView.swift in Sources */,
				2C9761E12214E68D00AFF8CD /* ScriptTableViewCell.swift in Sources */,
				2CA245D822480F9500586DFD /* FuseUtilities.swift in Sources */,
				2CA245DC224822EA00586DFD /* ScriptTableView.swift in Sources */,
				2C20669521FD6F400082570E /* BoopLexer.swift in Sources */,
				2C20669C21FE3E060082570E /* BoopToken.swift in Sources */,
				2C2066A621FE53870082570E /* SearchField.swift in Sources */,
				2C2066A421FE47CE0082570E /* PopoverView.swift in Sources */,
				2C20668B21FD63C90082570E /* MainViewController.swift in Sources */,
				2C20669A21FD76900082570E /* StatusView.swift in Sources */,
				2CC211C3236E3141007CECEE /* PreferencesTabViewController.swift in Sources */,
				2C9761D92214E3B500AFF8CD /* ScriptsTableViewController.swift in Sources */,
			);
			runOnlyForDeploymentPostprocessing = 0;
		};
/* End PBXSourcesBuildPhase section */

/* Begin PBXVariantGroup section */
		2C20667921FD62910082570E /* MainMenu.xib */ = {
			isa = PBXVariantGroup;
			children = (
				2C20667A21FD62910082570E /* Base */,
			);
			name = MainMenu.xib;
			sourceTree = "<group>";
		};
/* End PBXVariantGroup section */

/* Begin XCBuildConfiguration section */
		2C20667E21FD62910082570E /* Debug */ = {
			isa = XCBuildConfiguration;
			buildSettings = {
				ALWAYS_SEARCH_USER_PATHS = NO;
				CLANG_ANALYZER_NONNULL = YES;
				CLANG_ANALYZER_NUMBER_OBJECT_CONVERSION = YES_AGGRESSIVE;
				CLANG_CXX_LANGUAGE_STANDARD = "gnu++14";
				CLANG_CXX_LIBRARY = "libc++";
				CLANG_ENABLE_MODULES = YES;
				CLANG_ENABLE_OBJC_ARC = YES;
				CLANG_ENABLE_OBJC_WEAK = YES;
				CLANG_WARN_BLOCK_CAPTURE_AUTORELEASING = YES;
				CLANG_WARN_BOOL_CONVERSION = YES;
				CLANG_WARN_COMMA = YES;
				CLANG_WARN_CONSTANT_CONVERSION = YES;
				CLANG_WARN_DEPRECATED_OBJC_IMPLEMENTATIONS = YES;
				CLANG_WARN_DIRECT_OBJC_ISA_USAGE = YES_ERROR;
				CLANG_WARN_DOCUMENTATION_COMMENTS = YES;
				CLANG_WARN_EMPTY_BODY = YES;
				CLANG_WARN_ENUM_CONVERSION = YES;
				CLANG_WARN_INFINITE_RECURSION = YES;
				CLANG_WARN_INT_CONVERSION = YES;
				CLANG_WARN_NON_LITERAL_NULL_CONVERSION = YES;
				CLANG_WARN_OBJC_IMPLICIT_RETAIN_SELF = YES;
				CLANG_WARN_OBJC_LITERAL_CONVERSION = YES;
				CLANG_WARN_OBJC_ROOT_CLASS = YES_ERROR;
				CLANG_WARN_RANGE_LOOP_ANALYSIS = YES;
				CLANG_WARN_STRICT_PROTOTYPES = YES;
				CLANG_WARN_SUSPICIOUS_MOVE = YES;
				CLANG_WARN_UNGUARDED_AVAILABILITY = YES_AGGRESSIVE;
				CLANG_WARN_UNREACHABLE_CODE = YES;
				CLANG_WARN__DUPLICATE_METHOD_MATCH = YES;
				CODE_SIGN_IDENTITY = "Mac Developer";
				COPY_PHASE_STRIP = NO;
				DEBUG_INFORMATION_FORMAT = dwarf;
				ENABLE_STRICT_OBJC_MSGSEND = YES;
				ENABLE_TESTABILITY = YES;
				GCC_C_LANGUAGE_STANDARD = gnu11;
				GCC_DYNAMIC_NO_PIC = NO;
				GCC_NO_COMMON_BLOCKS = YES;
				GCC_OPTIMIZATION_LEVEL = 0;
				GCC_PREPROCESSOR_DEFINITIONS = (
					"DEBUG=1",
					"$(inherited)",
				);
				GCC_WARN_64_TO_32_BIT_CONVERSION = YES;
				GCC_WARN_ABOUT_RETURN_TYPE = YES_ERROR;
				GCC_WARN_UNDECLARED_SELECTOR = YES;
				GCC_WARN_UNINITIALIZED_AUTOS = YES_AGGRESSIVE;
				GCC_WARN_UNUSED_FUNCTION = YES;
				GCC_WARN_UNUSED_VARIABLE = YES;
				MACOSX_DEPLOYMENT_TARGET = 10.14;
				MTL_ENABLE_DEBUG_INFO = INCLUDE_SOURCE;
				MTL_FAST_MATH = YES;
				ONLY_ACTIVE_ARCH = YES;
				SDKROOT = macosx;
				SWIFT_ACTIVE_COMPILATION_CONDITIONS = DEBUG;
				SWIFT_OPTIMIZATION_LEVEL = "-Onone";
			};
			name = Debug;
		};
		2C20667F21FD62910082570E /* Release */ = {
			isa = XCBuildConfiguration;
			buildSettings = {
				ALWAYS_SEARCH_USER_PATHS = NO;
				CLANG_ANALYZER_NONNULL = YES;
				CLANG_ANALYZER_NUMBER_OBJECT_CONVERSION = YES_AGGRESSIVE;
				CLANG_CXX_LANGUAGE_STANDARD = "gnu++14";
				CLANG_CXX_LIBRARY = "libc++";
				CLANG_ENABLE_MODULES = YES;
				CLANG_ENABLE_OBJC_ARC = YES;
				CLANG_ENABLE_OBJC_WEAK = YES;
				CLANG_WARN_BLOCK_CAPTURE_AUTORELEASING = YES;
				CLANG_WARN_BOOL_CONVERSION = YES;
				CLANG_WARN_COMMA = YES;
				CLANG_WARN_CONSTANT_CONVERSION = YES;
				CLANG_WARN_DEPRECATED_OBJC_IMPLEMENTATIONS = YES;
				CLANG_WARN_DIRECT_OBJC_ISA_USAGE = YES_ERROR;
				CLANG_WARN_DOCUMENTATION_COMMENTS = YES;
				CLANG_WARN_EMPTY_BODY = YES;
				CLANG_WARN_ENUM_CONVERSION = YES;
				CLANG_WARN_INFINITE_RECURSION = YES;
				CLANG_WARN_INT_CONVERSION = YES;
				CLANG_WARN_NON_LITERAL_NULL_CONVERSION = YES;
				CLANG_WARN_OBJC_IMPLICIT_RETAIN_SELF = YES;
				CLANG_WARN_OBJC_LITERAL_CONVERSION = YES;
				CLANG_WARN_OBJC_ROOT_CLASS = YES_ERROR;
				CLANG_WARN_RANGE_LOOP_ANALYSIS = YES;
				CLANG_WARN_STRICT_PROTOTYPES = YES;
				CLANG_WARN_SUSPICIOUS_MOVE = YES;
				CLANG_WARN_UNGUARDED_AVAILABILITY = YES_AGGRESSIVE;
				CLANG_WARN_UNREACHABLE_CODE = YES;
				CLANG_WARN__DUPLICATE_METHOD_MATCH = YES;
				CODE_SIGN_IDENTITY = "Mac Developer";
				COPY_PHASE_STRIP = NO;
				DEBUG_INFORMATION_FORMAT = "dwarf-with-dsym";
				ENABLE_NS_ASSERTIONS = NO;
				ENABLE_STRICT_OBJC_MSGSEND = YES;
				GCC_C_LANGUAGE_STANDARD = gnu11;
				GCC_NO_COMMON_BLOCKS = YES;
				GCC_WARN_64_TO_32_BIT_CONVERSION = YES;
				GCC_WARN_ABOUT_RETURN_TYPE = YES_ERROR;
				GCC_WARN_UNDECLARED_SELECTOR = YES;
				GCC_WARN_UNINITIALIZED_AUTOS = YES_AGGRESSIVE;
				GCC_WARN_UNUSED_FUNCTION = YES;
				GCC_WARN_UNUSED_VARIABLE = YES;
				MACOSX_DEPLOYMENT_TARGET = 10.14;
				MTL_ENABLE_DEBUG_INFO = NO;
				MTL_FAST_MATH = YES;
				SDKROOT = macosx;
				SWIFT_COMPILATION_MODE = wholemodule;
				SWIFT_OPTIMIZATION_LEVEL = "-O";
			};
			name = Release;
		};
		2C20668121FD62910082570E /* Debug */ = {
			isa = XCBuildConfiguration;
			buildSettings = {
				ALWAYS_EMBED_SWIFT_STANDARD_LIBRARIES = YES;
				ASSETCATALOG_COMPILER_APPICON_NAME = AppIcon;
				CODE_SIGN_ENTITLEMENTS = Boop/Boop.entitlements;
				CODE_SIGN_IDENTITY = "Apple Development";
				CODE_SIGN_STYLE = Automatic;
				COMBINE_HIDPI_IMAGES = YES;
				DEVELOPMENT_TEAM = RLZ8XBTX7G;
				FRAMEWORK_SEARCH_PATHS = (
					"$(PROJECT_DIR)/../Carthage/Build/Mac",
					"$(inherited)",
					"$(PROJECT_DIR)/Boop/Frameworks",
				);
				INFOPLIST_FILE = Boop/Info.plist;
				LD_RUNPATH_SEARCH_PATHS = (
					"$(inherited)",
					"@executable_path/../Frameworks",
				);
				MACOSX_DEPLOYMENT_TARGET = 10.14;
				PRODUCT_BUNDLE_IDENTIFIER = com.OKatBest.Boop;
				PRODUCT_NAME = "$(TARGET_NAME)";
				PROVISIONING_PROFILE_SPECIFIER = "";
				SWIFT_VERSION = 4.2;
			};
			name = Debug;
		};
		2C20668221FD62910082570E /* Release */ = {
			isa = XCBuildConfiguration;
			buildSettings = {
				ALWAYS_EMBED_SWIFT_STANDARD_LIBRARIES = YES;
				ASSETCATALOG_COMPILER_APPICON_NAME = AppIcon;
				CODE_SIGN_ENTITLEMENTS = Boop/Boop.entitlements;
				CODE_SIGN_IDENTITY = "Apple Development";
				CODE_SIGN_STYLE = Automatic;
				COMBINE_HIDPI_IMAGES = YES;
				DEVELOPMENT_TEAM = RLZ8XBTX7G;
				FRAMEWORK_SEARCH_PATHS = (
					"$(PROJECT_DIR)/../Carthage/Build/Mac",
					"$(inherited)",
					"$(PROJECT_DIR)/Boop/Frameworks",
				);
				INFOPLIST_FILE = Boop/Info.plist;
				LD_RUNPATH_SEARCH_PATHS = (
					"$(inherited)",
					"@executable_path/../Frameworks",
				);
				MACOSX_DEPLOYMENT_TARGET = 10.14;
				PRODUCT_BUNDLE_IDENTIFIER = com.OKatBest.Boop;
				PRODUCT_NAME = "$(TARGET_NAME)";
				PROVISIONING_PROFILE_SPECIFIER = "";
				SWIFT_VERSION = 4.2;
			};
			name = Release;
		};
/* End XCBuildConfiguration section */

/* Begin XCConfigurationList section */
		2C20666D21FD628E0082570E /* Build configuration list for PBXProject "Boop" */ = {
			isa = XCConfigurationList;
			buildConfigurations = (
				2C20667E21FD62910082570E /* Debug */,
				2C20667F21FD62910082570E /* Release */,
			);
			defaultConfigurationIsVisible = 0;
			defaultConfigurationName = Release;
		};
		2C20668021FD62910082570E /* Build configuration list for PBXNativeTarget "Boop" */ = {
			isa = XCConfigurationList;
			buildConfigurations = (
				2C20668121FD62910082570E /* Debug */,
				2C20668221FD62910082570E /* Release */,
			);
			defaultConfigurationIsVisible = 0;
			defaultConfigurationName = Release;
		};
/* End XCConfigurationList section */
	};
	rootObject = 2C20666A21FD628E0082570E /* Project object */;
}
