// !$*UTF8*$!
{
	archiveVersion = 1;
	classes = {
	};
	objectVersion = 52;
	objects = {

/* Begin PBXBuildFile section */
		2C08A74F24B2269C00E1BD83 /* Script+Require.swift in Sources */ = {isa = PBXBuildFile; fileRef = 2C0BC0DC24AAC518009B8631 /* Script+Require.swift */; };
		2C0BC0DD24AAC518009B8631 /* Script+Require.swift in Sources */ = {isa = PBXBuildFile; fileRef = 2C0BC0DC24AAC518009B8631 /* Script+Require.swift */; };
		2C0BC0DE24AAC64F009B8631 /* Script+Require.swift in Sources */ = {isa = PBXBuildFile; fileRef = 2C0BC0DC24AAC518009B8631 /* Script+Require.swift */; };
		2C17C66A24271DDA005C911C /* BoopTests.swift in Sources */ = {isa = PBXBuildFile; fileRef = 2C17C66924271DDA005C911C /* BoopTests.swift */; };
		2C17C67224271EBD005C911C /* ScriptManagerTests.swift in Sources */ = {isa = PBXBuildFile; fileRef = 2C17C67124271EBD005C911C /* ScriptManagerTests.swift */; };
		2C17C67324271EE8005C911C /* ScriptManager.swift in Sources */ = {isa = PBXBuildFile; fileRef = 2C9761DB2214E45300AFF8CD /* ScriptManager.swift */; };
		2C17C6762427214B005C911C /* Script.swift in Sources */ = {isa = PBXBuildFile; fileRef = 2C9761DE2214E46800AFF8CD /* Script.swift */; };
		2C17C6772427214D005C911C /* ScriptExecution.swift in Sources */ = {isa = PBXBuildFile; fileRef = 2C53B6DF226D404E00DC6861 /* ScriptExecution.swift */; };
		2C17C67B2427218B005C911C /* StatusView.swift in Sources */ = {isa = PBXBuildFile; fileRef = 2C20669921FD76900082570E /* StatusView.swift */; };
		2C17C67C242721C5005C911C /* Colors.swift in Sources */ = {isa = PBXBuildFile; fileRef = 2C9118B523406B530018916F /* Colors.swift */; };
		2C20667621FD628E0082570E /* AppDelegate.swift in Sources */ = {isa = PBXBuildFile; fileRef = 2C20667521FD628E0082570E /* AppDelegate.swift */; };
		2C20667821FD62910082570E /* Assets.xcassets in Resources */ = {isa = PBXBuildFile; fileRef = 2C20667721FD62910082570E /* Assets.xcassets */; };
		2C20667B21FD62910082570E /* MainMenu.xib in Resources */ = {isa = PBXBuildFile; fileRef = 2C20667921FD62910082570E /* MainMenu.xib */; };
		2C20668B21FD63C90082570E /* MainViewController.swift in Sources */ = {isa = PBXBuildFile; fileRef = 2C20668921FD63C90082570E /* MainViewController.swift */; };
		2C20669121FD64A20082570E /* DefaultTheme.swift in Sources */ = {isa = PBXBuildFile; fileRef = 2C20668F21FD64A20082570E /* DefaultTheme.swift */; };
		2C20669521FD6F400082570E /* BoopLexer.swift in Sources */ = {isa = PBXBuildFile; fileRef = 2C20669321FD6F400082570E /* BoopLexer.swift */; };
		2C20669A21FD76900082570E /* StatusView.swift in Sources */ = {isa = PBXBuildFile; fileRef = 2C20669921FD76900082570E /* StatusView.swift */; };
		2C20669C21FE3E060082570E /* BoopToken.swift in Sources */ = {isa = PBXBuildFile; fileRef = 2C20669B21FE3E060082570E /* BoopToken.swift */; };
		2C20669E21FE445E0082570E /* OverlayView.swift in Sources */ = {isa = PBXBuildFile; fileRef = 2C20669D21FE445E0082570E /* OverlayView.swift */; };
		2C2066A221FE47090082570E /* PopoverViewController.swift in Sources */ = {isa = PBXBuildFile; fileRef = 2C2066A121FE47090082570E /* PopoverViewController.swift */; };
		2C2066A421FE47CE0082570E /* PopoverView.swift in Sources */ = {isa = PBXBuildFile; fileRef = 2C2066A321FE47CE0082570E /* PopoverView.swift */; };
		2C2066A621FE53870082570E /* SearchField.swift in Sources */ = {isa = PBXBuildFile; fileRef = 2C2066A521FE53870082570E /* SearchField.swift */; };
		2C53B6E0226D404E00DC6861 /* ScriptExecution.swift in Sources */ = {isa = PBXBuildFile; fileRef = 2C53B6DF226D404E00DC6861 /* ScriptExecution.swift */; };
		2C5ED41E2357F67200322893 /* Preferences.storyboard in Resources */ = {isa = PBXBuildFile; fileRef = 2C5ED41D2357F67200322893 /* Preferences.storyboard */; };
		2C60A4A22482FE9E006496BA /* UpdateBuddy.swift in Sources */ = {isa = PBXBuildFile; fileRef = 2C60A4A12482FE9E006496BA /* UpdateBuddy.swift */; };
		2C60A4A4248300CE006496BA /* AppVersion.swift in Sources */ = {isa = PBXBuildFile; fileRef = 2C60A4A3248300CE006496BA /* AppVersion.swift */; };
		2C60A4E624870678006496BA /* UpdateTextField.swift in Sources */ = {isa = PBXBuildFile; fileRef = 2C60A4E524870678006496BA /* UpdateTextField.swift */; };
		2C60A53B24871273006496BA /* ScriptsSettingsViewController.swift in Sources */ = {isa = PBXBuildFile; fileRef = 2CC211C4236FB5C1007CECEE /* ScriptsSettingsViewController.swift */; };
		2C60A53C24871273006496BA /* ScriptExecution.swift in Sources */ = {isa = PBXBuildFile; fileRef = 2C53B6DF226D404E00DC6861 /* ScriptExecution.swift */; };
		2C60A53D24871273006496BA /* Colors.swift in Sources */ = {isa = PBXBuildFile; fileRef = 2C9118B523406B530018916F /* Colors.swift */; };
		2C60A53E24871273006496BA /* UpdateBuddy.swift in Sources */ = {isa = PBXBuildFile; fileRef = 2C60A4A12482FE9E006496BA /* UpdateBuddy.swift */; };
		2C60A53F24871273006496BA /* PopoverViewController.swift in Sources */ = {isa = PBXBuildFile; fileRef = 2C2066A121FE47090082570E /* PopoverViewController.swift */; };
		2C60A54024871273006496BA /* Script.swift in Sources */ = {isa = PBXBuildFile; fileRef = 2C9761DE2214E46800AFF8CD /* Script.swift */; };
		2C60A54124871273006496BA /* AppVersion.swift in Sources */ = {isa = PBXBuildFile; fileRef = 2C60A4A3248300CE006496BA /* AppVersion.swift */; };
		2C60A54224871273006496BA /* DefaultTheme.swift in Sources */ = {isa = PBXBuildFile; fileRef = 2C20668F21FD64A20082570E /* DefaultTheme.swift */; };
		2C60A54324871273006496BA /* ScriptManager.swift in Sources */ = {isa = PBXBuildFile; fileRef = 2C9761DB2214E45300AFF8CD /* ScriptManager.swift */; };
		2C60A54424871273006496BA /* AppDelegate.swift in Sources */ = {isa = PBXBuildFile; fileRef = 2C20667521FD628E0082570E /* AppDelegate.swift */; };
		2C60A54524871273006496BA /* OverlayView.swift in Sources */ = {isa = PBXBuildFile; fileRef = 2C20669D21FE445E0082570E /* OverlayView.swift */; };
		2C60A54624871273006496BA /* ScriptTableViewCell.swift in Sources */ = {isa = PBXBuildFile; fileRef = 2C9761E02214E68D00AFF8CD /* ScriptTableViewCell.swift */; };
		2C60A54724871273006496BA /* ScriptTableView.swift in Sources */ = {isa = PBXBuildFile; fileRef = 2CA245DB224822EA00586DFD /* ScriptTableView.swift */; };
		2C60A54824871273006496BA /* BoopLexer.swift in Sources */ = {isa = PBXBuildFile; fileRef = 2C20669321FD6F400082570E /* BoopLexer.swift */; };
		2C60A54924871273006496BA /* BoopToken.swift in Sources */ = {isa = PBXBuildFile; fileRef = 2C20669B21FE3E060082570E /* BoopToken.swift */; };
		2C60A54A24871273006496BA /* SearchField.swift in Sources */ = {isa = PBXBuildFile; fileRef = 2C2066A521FE53870082570E /* SearchField.swift */; };
		2C60A54B24871273006496BA /* PopoverView.swift in Sources */ = {isa = PBXBuildFile; fileRef = 2C2066A321FE47CE0082570E /* PopoverView.swift */; };
		2C60A54C24871273006496BA /* MainViewController.swift in Sources */ = {isa = PBXBuildFile; fileRef = 2C20668921FD63C90082570E /* MainViewController.swift */; };
		2C60A54D24871273006496BA /* StatusView.swift in Sources */ = {isa = PBXBuildFile; fileRef = 2C20669921FD76900082570E /* StatusView.swift */; };
		2C60A54E24871273006496BA /* UpdateTextField.swift in Sources */ = {isa = PBXBuildFile; fileRef = 2C60A4E524870678006496BA /* UpdateTextField.swift */; };
		2C60A54F24871273006496BA /* PreferencesTabViewController.swift in Sources */ = {isa = PBXBuildFile; fileRef = 2CC211C2236E3141007CECEE /* PreferencesTabViewController.swift */; };
		2C60A55024871273006496BA /* ScriptsTableViewController.swift in Sources */ = {isa = PBXBuildFile; fileRef = 2C9761D82214E3B500AFF8CD /* ScriptsTableViewController.swift */; };
		2C60A55524871273006496BA /* scripts in Resources */ = {isa = PBXBuildFile; fileRef = 2C9761D42214E11600AFF8CD /* scripts */; };
		2C60A55624871273006496BA /* Assets.xcassets in Resources */ = {isa = PBXBuildFile; fileRef = 2C20667721FD62910082570E /* Assets.xcassets */; };
		2C60A55724871273006496BA /* MainMenu.xib in Resources */ = {isa = PBXBuildFile; fileRef = 2C20667921FD62910082570E /* MainMenu.xib */; };
		2C60A55824871273006496BA /* Preferences.storyboard in Resources */ = {isa = PBXBuildFile; fileRef = 2C5ED41D2357F67200322893 /* Preferences.storyboard */; };
		2C60A56224871730006496BA /* UpdateTextField.swift in Sources */ = {isa = PBXBuildFile; fileRef = 2C60A4E524870678006496BA /* UpdateTextField.swift */; };
		2C873BE12697C2A800D9A3F0 /* PopoverContainerView.swift in Sources */ = {isa = PBXBuildFile; fileRef = 2C873BE02697C2A800D9A3F0 /* PopoverContainerView.swift */; };
		2C873BE42697C34200D9A3F0 /* PopoverContainerView.swift in Sources */ = {isa = PBXBuildFile; fileRef = 2C873BE02697C2A800D9A3F0 /* PopoverContainerView.swift */; };
		2C8BE181249EBADC00099B73 /* SavannaKit in Frameworks */ = {isa = PBXBuildFile; productRef = 2C8BE180249EBADC00099B73 /* SavannaKit */; };
		2C8BE182249EBADC00099B73 /* SavannaKit in Embed Frameworks */ = {isa = PBXBuildFile; productRef = 2C8BE180249EBADC00099B73 /* SavannaKit */; settings = {ATTRIBUTES = (CodeSignOnCopy, ); }; };
		2C8BE184249EBAEC00099B73 /* SavannaKit in Frameworks */ = {isa = PBXBuildFile; productRef = 2C8BE183249EBAEC00099B73 /* SavannaKit */; };
		2C8BE185249EBAEC00099B73 /* SavannaKit in Embed Frameworks */ = {isa = PBXBuildFile; productRef = 2C8BE183249EBAEC00099B73 /* SavannaKit */; settings = {ATTRIBUTES = (CodeSignOnCopy, ); }; };
		2C8BE188249EBB3D00099B73 /* Fuse in Frameworks */ = {isa = PBXBuildFile; productRef = 2C8BE187249EBB3D00099B73 /* Fuse */; };
		2C8BE18A249EBB4200099B73 /* Fuse in Frameworks */ = {isa = PBXBuildFile; productRef = 2C8BE189249EBB4200099B73 /* Fuse */; };
		2C9118B623406B530018916F /* Colors.swift in Sources */ = {isa = PBXBuildFile; fileRef = 2C9118B523406B530018916F /* Colors.swift */; };
		2C9761D52214E11600AFF8CD /* scripts in Resources */ = {isa = PBXBuildFile; fileRef = 2C9761D42214E11600AFF8CD /* scripts */; };
		2C9761D92214E3B500AFF8CD /* ScriptsTableViewController.swift in Sources */ = {isa = PBXBuildFile; fileRef = 2C9761D82214E3B500AFF8CD /* ScriptsTableViewController.swift */; };
		2C9761DC2214E45300AFF8CD /* ScriptManager.swift in Sources */ = {isa = PBXBuildFile; fileRef = 2C9761DB2214E45300AFF8CD /* ScriptManager.swift */; };
		2C9761DF2214E46800AFF8CD /* Script.swift in Sources */ = {isa = PBXBuildFile; fileRef = 2C9761DE2214E46800AFF8CD /* Script.swift */; };
		2C9761E12214E68D00AFF8CD /* ScriptTableViewCell.swift in Sources */ = {isa = PBXBuildFile; fileRef = 2C9761E02214E68D00AFF8CD /* ScriptTableViewCell.swift */; };
		2C9D045C24A2DAC600D27D20 /* ThemeSettingsViewController.swift in Sources */ = {isa = PBXBuildFile; fileRef = 2CEC93F9249C2D600080B9B8 /* ThemeSettingsViewController.swift */; };
		2CA245DC224822EA00586DFD /* ScriptTableView.swift in Sources */ = {isa = PBXBuildFile; fileRef = 2CA245DB224822EA00586DFD /* ScriptTableView.swift */; };
		2CC211C3236E3141007CECEE /* PreferencesTabViewController.swift in Sources */ = {isa = PBXBuildFile; fileRef = 2CC211C2236E3141007CECEE /* PreferencesTabViewController.swift */; };
		2CC211C5236FB5C1007CECEE /* ScriptsSettingsViewController.swift in Sources */ = {isa = PBXBuildFile; fileRef = 2CC211C4236FB5C1007CECEE /* ScriptsSettingsViewController.swift */; };
		2CEC93FA249C2D600080B9B8 /* ThemeSettingsViewController.swift in Sources */ = {isa = PBXBuildFile; fileRef = 2CEC93F9249C2D600080B9B8 /* ThemeSettingsViewController.swift */; };
/* End PBXBuildFile section */

/* Begin PBXContainerItemProxy section */
		2C17C66C24271DDA005C911C /* PBXContainerItemProxy */ = {
			isa = PBXContainerItemProxy;
			containerPortal = 2C20666A21FD628E0082570E /* Project object */;
			proxyType = 1;
			remoteGlobalIDString = 2C20667121FD628E0082570E;
			remoteInfo = Boop;
		};
/* End PBXContainerItemProxy section */

/* Begin PBXCopyFilesBuildPhase section */
		2C3B003C22E3758100BBD4D0 /* Embed Frameworks */ = {
			isa = PBXCopyFilesBuildPhase;
			buildActionMask = 2147483647;
			dstPath = "";
			dstSubfolderSpec = 10;
			files = (
				2C8BE182249EBADC00099B73 /* SavannaKit in Embed Frameworks */,
			);
			name = "Embed Frameworks";
			runOnlyForDeploymentPostprocessing = 0;
		};
		2C60A55924871273006496BA /* Embed Frameworks */ = {
			isa = PBXCopyFilesBuildPhase;
			buildActionMask = 2147483647;
			dstPath = "";
			dstSubfolderSpec = 10;
			files = (
				2C8BE185249EBAEC00099B73 /* SavannaKit in Embed Frameworks */,
			);
			name = "Embed Frameworks";
			runOnlyForDeploymentPostprocessing = 0;
		};
/* End PBXCopyFilesBuildPhase section */

/* Begin PBXFileReference section */
		2C0BC0DC24AAC518009B8631 /* Script+Require.swift */ = {isa = PBXFileReference; lastKnownFileType = sourcecode.swift; path = "Script+Require.swift"; sourceTree = "<group>"; };
		2C17C66724271DDA005C911C /* BoopTests.xctest */ = {isa = PBXFileReference; explicitFileType = wrapper.cfbundle; includeInIndex = 0; path = BoopTests.xctest; sourceTree = BUILT_PRODUCTS_DIR; };
		2C17C66924271DDA005C911C /* BoopTests.swift */ = {isa = PBXFileReference; lastKnownFileType = sourcecode.swift; path = BoopTests.swift; sourceTree = "<group>"; };
		2C17C66B24271DDA005C911C /* Info.plist */ = {isa = PBXFileReference; lastKnownFileType = text.plist.xml; path = Info.plist; sourceTree = "<group>"; };
		2C17C67124271EBD005C911C /* ScriptManagerTests.swift */ = {isa = PBXFileReference; lastKnownFileType = sourcecode.swift; path = ScriptManagerTests.swift; sourceTree = "<group>"; };
		2C20667221FD628E0082570E /* Boop.app */ = {isa = PBXFileReference; explicitFileType = wrapper.application; includeInIndex = 0; path = Boop.app; sourceTree = BUILT_PRODUCTS_DIR; };
		2C20667521FD628E0082570E /* AppDelegate.swift */ = {isa = PBXFileReference; lastKnownFileType = sourcecode.swift; path = AppDelegate.swift; sourceTree = "<group>"; };
		2C20667721FD62910082570E /* Assets.xcassets */ = {isa = PBXFileReference; lastKnownFileType = folder.assetcatalog; path = Assets.xcassets; sourceTree = "<group>"; };
		2C20667A21FD62910082570E /* Base */ = {isa = PBXFileReference; lastKnownFileType = file.xib; name = Base; path = Base.lproj/MainMenu.xib; sourceTree = "<group>"; };
		2C20667C21FD62910082570E /* Info.plist */ = {isa = PBXFileReference; lastKnownFileType = text.plist.xml; path = Info.plist; sourceTree = "<group>"; };
		2C20667D21FD62910082570E /* Boop.entitlements */ = {isa = PBXFileReference; lastKnownFileType = text.plist.entitlements; path = Boop.entitlements; sourceTree = "<group>"; };
		2C20668921FD63C90082570E /* MainViewController.swift */ = {isa = PBXFileReference; lastKnownFileType = sourcecode.swift; path = MainViewController.swift; sourceTree = "<group>"; };
		2C20668F21FD64A20082570E /* DefaultTheme.swift */ = {isa = PBXFileReference; lastKnownFileType = sourcecode.swift; path = DefaultTheme.swift; sourceTree = "<group>"; };
		2C20669321FD6F400082570E /* BoopLexer.swift */ = {isa = PBXFileReference; lastKnownFileType = sourcecode.swift; path = BoopLexer.swift; sourceTree = "<group>"; };
		2C20669921FD76900082570E /* StatusView.swift */ = {isa = PBXFileReference; lastKnownFileType = sourcecode.swift; path = StatusView.swift; sourceTree = "<group>"; };
		2C20669B21FE3E060082570E /* BoopToken.swift */ = {isa = PBXFileReference; lastKnownFileType = sourcecode.swift; path = BoopToken.swift; sourceTree = "<group>"; };
		2C20669D21FE445E0082570E /* OverlayView.swift */ = {isa = PBXFileReference; lastKnownFileType = sourcecode.swift; path = OverlayView.swift; sourceTree = "<group>"; };
		2C2066A121FE47090082570E /* PopoverViewController.swift */ = {isa = PBXFileReference; lastKnownFileType = sourcecode.swift; path = PopoverViewController.swift; sourceTree = "<group>"; };
		2C2066A321FE47CE0082570E /* PopoverView.swift */ = {isa = PBXFileReference; lastKnownFileType = sourcecode.swift; path = PopoverView.swift; sourceTree = "<group>"; };
		2C2066A521FE53870082570E /* SearchField.swift */ = {isa = PBXFileReference; lastKnownFileType = sourcecode.swift; path = SearchField.swift; sourceTree = "<group>"; };
		2C3B003D22E3775300BBD4D0 /* SavannaKit.framework */ = {isa = PBXFileReference; lastKnownFileType = wrapper.framework; name = SavannaKit.framework; path = ../../../Carthage/Build/Mac/SavannaKit.framework; sourceTree = "<group>"; };
		2C53B6DF226D404E00DC6861 /* ScriptExecution.swift */ = {isa = PBXFileReference; lastKnownFileType = sourcecode.swift; path = ScriptExecution.swift; sourceTree = "<group>"; };
		2C5770D4249727A600B38470 /* BoopRelease.entitlements */ = {isa = PBXFileReference; lastKnownFileType = text.plist.entitlements; path = BoopRelease.entitlements; sourceTree = "<group>"; };
		2C5ED41D2357F67200322893 /* Preferences.storyboard */ = {isa = PBXFileReference; lastKnownFileType = file.storyboard; path = Preferences.storyboard; sourceTree = "<group>"; };
		2C60A4A12482FE9E006496BA /* UpdateBuddy.swift */ = {isa = PBXFileReference; lastKnownFileType = sourcecode.swift; path = UpdateBuddy.swift; sourceTree = "<group>"; };
		2C60A4A3248300CE006496BA /* AppVersion.swift */ = {isa = PBXFileReference; lastKnownFileType = sourcecode.swift; path = AppVersion.swift; sourceTree = "<group>"; };
		2C60A4E524870678006496BA /* UpdateTextField.swift */ = {isa = PBXFileReference; lastKnownFileType = sourcecode.swift; path = UpdateTextField.swift; sourceTree = "<group>"; };
		2C60A56024871273006496BA /* Boop.app */ = {isa = PBXFileReference; explicitFileType = wrapper.application; includeInIndex = 0; path = Boop.app; sourceTree = BUILT_PRODUCTS_DIR; };
		2C873BE02697C2A800D9A3F0 /* PopoverContainerView.swift */ = {isa = PBXFileReference; lastKnownFileType = sourcecode.swift; path = PopoverContainerView.swift; sourceTree = "<group>"; };
		2C9118B523406B530018916F /* Colors.swift */ = {isa = PBXFileReference; lastKnownFileType = sourcecode.swift; path = Colors.swift; sourceTree = "<group>"; };
		2C9761D42214E11600AFF8CD /* scripts */ = {isa = PBXFileReference; lastKnownFileType = folder; path = scripts; sourceTree = "<group>"; };
		2C9761D82214E3B500AFF8CD /* ScriptsTableViewController.swift */ = {isa = PBXFileReference; lastKnownFileType = sourcecode.swift; path = ScriptsTableViewController.swift; sourceTree = "<group>"; };
		2C9761DB2214E45300AFF8CD /* ScriptManager.swift */ = {isa = PBXFileReference; fileEncoding = 4; lastKnownFileType = sourcecode.swift; path = ScriptManager.swift; sourceTree = "<group>"; };
		2C9761DE2214E46800AFF8CD /* Script.swift */ = {isa = PBXFileReference; lastKnownFileType = sourcecode.swift; path = Script.swift; sourceTree = "<group>"; };
		2C9761E02214E68D00AFF8CD /* ScriptTableViewCell.swift */ = {isa = PBXFileReference; lastKnownFileType = sourcecode.swift; path = ScriptTableViewCell.swift; sourceTree = "<group>"; };
		2CA245DB224822EA00586DFD /* ScriptTableView.swift */ = {isa = PBXFileReference; lastKnownFileType = sourcecode.swift; path = ScriptTableView.swift; sourceTree = "<group>"; };
		2CB9D7F024319BAC00135424 /* Fuse.framework */ = {isa = PBXFileReference; lastKnownFileType = wrapper.framework; name = Fuse.framework; path = ../../../Carthage/Build/Mac/Fuse.framework; sourceTree = "<group>"; };
		2CC211C2236E3141007CECEE /* PreferencesTabViewController.swift */ = {isa = PBXFileReference; lastKnownFileType = sourcecode.swift; path = PreferencesTabViewController.swift; sourceTree = "<group>"; };
		2CC211C4236FB5C1007CECEE /* ScriptsSettingsViewController.swift */ = {isa = PBXFileReference; lastKnownFileType = sourcecode.swift; path = ScriptsSettingsViewController.swift; sourceTree = "<group>"; };
		2CEC93F9249C2D600080B9B8 /* ThemeSettingsViewController.swift */ = {isa = PBXFileReference; lastKnownFileType = sourcecode.swift; path = ThemeSettingsViewController.swift; sourceTree = "<group>"; };
/* End PBXFileReference section */

/* Begin PBXFrameworksBuildPhase section */
		2C17C66424271DDA005C911C /* Frameworks */ = {
			isa = PBXFrameworksBuildPhase;
			buildActionMask = 2147483647;
			files = (
			);
			runOnlyForDeploymentPostprocessing = 0;
		};
		2C20666F21FD628E0082570E /* Frameworks */ = {
			isa = PBXFrameworksBuildPhase;
			buildActionMask = 2147483647;
			files = (
				2C8BE181249EBADC00099B73 /* SavannaKit in Frameworks */,
				2C8BE188249EBB3D00099B73 /* Fuse in Frameworks */,
			);
			runOnlyForDeploymentPostprocessing = 0;
		};
		2C60A55124871273006496BA /* Frameworks */ = {
			isa = PBXFrameworksBuildPhase;
			buildActionMask = 2147483647;
			files = (
				2C8BE184249EBAEC00099B73 /* SavannaKit in Frameworks */,
				2C8BE18A249EBB4200099B73 /* Fuse in Frameworks */,
			);
			runOnlyForDeploymentPostprocessing = 0;
		};
/* End PBXFrameworksBuildPhase section */

/* Begin PBXGroup section */
		2C17C66824271DDA005C911C /* BoopTests */ = {
			isa = PBXGroup;
			children = (
				2C17C66924271DDA005C911C /* BoopTests.swift */,
				2C17C66B24271DDA005C911C /* Info.plist */,
				2C17C67124271EBD005C911C /* ScriptManagerTests.swift */,
			);
			path = BoopTests;
			sourceTree = "<group>";
		};
		2C20666921FD628E0082570E = {
			isa = PBXGroup;
			children = (
				2C5ED41C2357F65400322893 /* UI */,
				2C20667421FD628E0082570E /* Boop */,
				2C17C66824271DDA005C911C /* BoopTests */,
				2C20667321FD628E0082570E /* Products */,
				53D77B44249A4019002A2F02 /* Frameworks */,
			);
			sourceTree = "<group>";
		};
		2C20667321FD628E0082570E /* Products */ = {
			isa = PBXGroup;
			children = (
				2C20667221FD628E0082570E /* Boop.app */,
				2C17C66724271DDA005C911C /* BoopTests.xctest */,
				2C60A56024871273006496BA /* Boop.app */,
			);
			name = Products;
			sourceTree = "<group>";
		};
		2C20667421FD628E0082570E /* Boop */ = {
			isa = PBXGroup;
			children = (
				2C5770D4249727A600B38470 /* BoopRelease.entitlements */,
				2C9761DA2214E44300AFF8CD /* System */,
				2C9761D42214E11600AFF8CD /* scripts */,
				2C20669821FD767E0082570E /* Views */,
				2C20668D21FD64330082570E /* Editor */,
				2C20668821FD63AB0082570E /* Controllers */,
				2C20668321FD62D00082570E /* Frameworks */,
				2C20667521FD628E0082570E /* AppDelegate.swift */,
				2C20667721FD62910082570E /* Assets.xcassets */,
				2C20667C21FD62910082570E /* Info.plist */,
				2C20667D21FD62910082570E /* Boop.entitlements */,
			);
			path = Boop;
			sourceTree = "<group>";
		};
		2C20668321FD62D00082570E /* Frameworks */ = {
			isa = PBXGroup;
			children = (
				2CB9D7F024319BAC00135424 /* Fuse.framework */,
				2C3B003D22E3775300BBD4D0 /* SavannaKit.framework */,
			);
			path = Frameworks;
			sourceTree = "<group>";
		};
		2C20668821FD63AB0082570E /* Controllers */ = {
			isa = PBXGroup;
			children = (
				2CC211C1236E3125007CECEE /* Preferences */,
				2C20668921FD63C90082570E /* MainViewController.swift */,
				2C2066A121FE47090082570E /* PopoverViewController.swift */,
				2C9761D82214E3B500AFF8CD /* ScriptsTableViewController.swift */,
			);
			path = Controllers;
			sourceTree = "<group>";
		};
		2C20668D21FD64330082570E /* Editor */ = {
			isa = PBXGroup;
			children = (
				2C20668E21FD64580082570E /* Themes */,
				2C20669321FD6F400082570E /* BoopLexer.swift */,
				2C20669B21FE3E060082570E /* BoopToken.swift */,
			);
			path = Editor;
			sourceTree = "<group>";
		};
		2C20668E21FD64580082570E /* Themes */ = {
			isa = PBXGroup;
			children = (
				2C20668F21FD64A20082570E /* DefaultTheme.swift */,
				2C9118B523406B530018916F /* Colors.swift */,
			);
			path = Themes;
			sourceTree = "<group>";
		};
		2C20669821FD767E0082570E /* Views */ = {
			isa = PBXGroup;
			children = (
				2C20669921FD76900082570E /* StatusView.swift */,
				2C20669D21FE445E0082570E /* OverlayView.swift */,
				2C2066A321FE47CE0082570E /* PopoverView.swift */,
				2C2066A521FE53870082570E /* SearchField.swift */,
				2C9761E02214E68D00AFF8CD /* ScriptTableViewCell.swift */,
				2CA245DB224822EA00586DFD /* ScriptTableView.swift */,
				2C60A4E524870678006496BA /* UpdateTextField.swift */,
				2C873BE02697C2A800D9A3F0 /* PopoverContainerView.swift */,
			);
			path = Views;
			sourceTree = "<group>";
		};
		2C5ED41C2357F65400322893 /* UI */ = {
			isa = PBXGroup;
			children = (
				2C20667921FD62910082570E /* MainMenu.xib */,
				2C5ED41D2357F67200322893 /* Preferences.storyboard */,
			);
			path = UI;
			sourceTree = "<group>";
		};
		2C9761DA2214E44300AFF8CD /* System */ = {
			isa = PBXGroup;
			children = (
				2C9761DD2214E45D00AFF8CD /* Models */,
				2C9761DB2214E45300AFF8CD /* ScriptManager.swift */,
				2C60A4A12482FE9E006496BA /* UpdateBuddy.swift */,
			);
			path = System;
			sourceTree = "<group>";
		};
		2C9761DD2214E45D00AFF8CD /* Models */ = {
			isa = PBXGroup;
			children = (
				2C9761DE2214E46800AFF8CD /* Script.swift */,
				2C0BC0DC24AAC518009B8631 /* Script+Require.swift */,
				2C53B6DF226D404E00DC6861 /* ScriptExecution.swift */,
				2C60A4A3248300CE006496BA /* AppVersion.swift */,
			);
			path = Models;
			sourceTree = "<group>";
		};
		2CC211C1236E3125007CECEE /* Preferences */ = {
			isa = PBXGroup;
			children = (
				2CC211C2236E3141007CECEE /* PreferencesTabViewController.swift */,
				2CC211C4236FB5C1007CECEE /* ScriptsSettingsViewController.swift */,
				2CEC93F9249C2D600080B9B8 /* ThemeSettingsViewController.swift */,
			);
			path = Preferences;
			sourceTree = "<group>";
		};
		53D77B44249A4019002A2F02 /* Frameworks */ = {
			isa = PBXGroup;
			children = (
			);
			name = Frameworks;
			sourceTree = "<group>";
		};
/* End PBXGroup section */

/* Begin PBXNativeTarget section */
		2C17C66624271DDA005C911C /* BoopTests */ = {
			isa = PBXNativeTarget;
			buildConfigurationList = 2C17C67024271DDA005C911C /* Build configuration list for PBXNativeTarget "BoopTests" */;
			buildPhases = (
				2C17C66324271DDA005C911C /* Sources */,
				2C17C66424271DDA005C911C /* Frameworks */,
				2C17C66524271DDA005C911C /* Resources */,
			);
			buildRules = (
			);
			dependencies = (
				2C17C66D24271DDA005C911C /* PBXTargetDependency */,
			);
			name = BoopTests;
			productName = BoopTests;
			productReference = 2C17C66724271DDA005C911C /* BoopTests.xctest */;
			productType = "com.apple.product-type.bundle.unit-test";
		};
		2C20667121FD628E0082570E /* Boop */ = {
			isa = PBXNativeTarget;
			buildConfigurationList = 2C20668021FD62910082570E /* Build configuration list for PBXNativeTarget "Boop" */;
			buildPhases = (
				2C20666E21FD628E0082570E /* Sources */,
				2C20666F21FD628E0082570E /* Frameworks */,
				2C20667021FD628E0082570E /* Resources */,
				2C3B003C22E3758100BBD4D0 /* Embed Frameworks */,
			);
			buildRules = (
			);
			dependencies = (
			);
			name = Boop;
			packageProductDependencies = (
				2C8BE180249EBADC00099B73 /* SavannaKit */,
				2C8BE187249EBB3D00099B73 /* Fuse */,
			);
			productName = Boop;
			productReference = 2C20667221FD628E0082570E /* Boop.app */;
			productType = "com.apple.product-type.application";
		};
		2C60A53924871273006496BA /* Boop (App Store) */ = {
			isa = PBXNativeTarget;
			buildConfigurationList = 2C60A55D24871273006496BA /* Build configuration list for PBXNativeTarget "Boop (App Store)" */;
			buildPhases = (
				2C60A53A24871273006496BA /* Sources */,
				2C60A55124871273006496BA /* Frameworks */,
				2C60A55424871273006496BA /* Resources */,
				2C60A55924871273006496BA /* Embed Frameworks */,
			);
			buildRules = (
			);
			dependencies = (
			);
			name = "Boop (App Store)";
			packageProductDependencies = (
				2C8BE183249EBAEC00099B73 /* SavannaKit */,
				2C8BE189249EBB4200099B73 /* Fuse */,
			);
			productName = Boop;
			productReference = 2C60A56024871273006496BA /* Boop.app */;
			productType = "com.apple.product-type.application";
		};
/* End PBXNativeTarget section */

/* Begin PBXProject section */
		2C20666A21FD628E0082570E /* Project object */ = {
			isa = PBXProject;
			attributes = {
				LastSwiftUpdateCheck = 1100;
				LastUpgradeCheck = 1010;
				ORGANIZATIONNAME = OKatBest;
				TargetAttributes = {
					2C17C66624271DDA005C911C = {
						CreatedOnToolsVersion = 11.0;
						TestTargetID = 2C20667121FD628E0082570E;
					};
					2C20667121FD628E0082570E = {
						CreatedOnToolsVersion = 10.1;
					};
				};
			};
			buildConfigurationList = 2C20666D21FD628E0082570E /* Build configuration list for PBXProject "Boop" */;
			compatibilityVersion = "Xcode 9.3";
			developmentRegion = en;
			hasScannedForEncodings = 0;
			knownRegions = (
				en,
				Base,
			);
			mainGroup = 2C20666921FD628E0082570E;
			packageReferences = (
				2C8BE17F249EBADC00099B73 /* XCRemoteSwiftPackageReference "savannakit" */,
				2C8BE186249EBB3D00099B73 /* XCRemoteSwiftPackageReference "fuse-swift" */,
			);
			productRefGroup = 2C20667321FD628E0082570E /* Products */;
			projectDirPath = "";
			projectRoot = "";
			targets = (
				2C20667121FD628E0082570E /* Boop */,
				2C17C66624271DDA005C911C /* BoopTests */,
				2C60A53924871273006496BA /* Boop (App Store) */,
			);
		};
/* End PBXProject section */

/* Begin PBXResourcesBuildPhase section */
		2C17C66524271DDA005C911C /* Resources */ = {
			isa = PBXResourcesBuildPhase;
			buildActionMask = 2147483647;
			files = (
			);
			runOnlyForDeploymentPostprocessing = 0;
		};
		2C20667021FD628E0082570E /* Resources */ = {
			isa = PBXResourcesBuildPhase;
			buildActionMask = 2147483647;
			files = (
				2C9761D52214E11600AFF8CD /* scripts in Resources */,
				2C20667821FD62910082570E /* Assets.xcassets in Resources */,
				2C20667B21FD62910082570E /* MainMenu.xib in Resources */,
				2C5ED41E2357F67200322893 /* Preferences.storyboard in Resources */,
			);
			runOnlyForDeploymentPostprocessing = 0;
		};
		2C60A55424871273006496BA /* Resources */ = {
			isa = PBXResourcesBuildPhase;
			buildActionMask = 2147483647;
			files = (
				2C60A55524871273006496BA /* scripts in Resources */,
				2C60A55624871273006496BA /* Assets.xcassets in Resources */,
				2C60A55724871273006496BA /* MainMenu.xib in Resources */,
				2C60A55824871273006496BA /* Preferences.storyboard in Resources */,
			);
			runOnlyForDeploymentPostprocessing = 0;
		};
/* End PBXResourcesBuildPhase section */

/* Begin PBXSourcesBuildPhase section */
		2C17C66324271DDA005C911C /* Sources */ = {
			isa = PBXSourcesBuildPhase;
			buildActionMask = 2147483647;
			files = (
				2C17C67224271EBD005C911C /* ScriptManagerTests.swift in Sources */,
				2C17C67B2427218B005C911C /* StatusView.swift in Sources */,
				2C17C6762427214B005C911C /* Script.swift in Sources */,
				2C17C67C242721C5005C911C /* Colors.swift in Sources */,
				2C08A74F24B2269C00E1BD83 /* Script+Require.swift in Sources */,
				2C17C6772427214D005C911C /* ScriptExecution.swift in Sources */,
				2C60A56224871730006496BA /* UpdateTextField.swift in Sources */,
				2C17C66A24271DDA005C911C /* BoopTests.swift in Sources */,
				2C17C67324271EE8005C911C /* ScriptManager.swift in Sources */,
			);
			runOnlyForDeploymentPostprocessing = 0;
		};
		2C20666E21FD628E0082570E /* Sources */ = {
			isa = PBXSourcesBuildPhase;
			buildActionMask = 2147483647;
			files = (
				2C873BE12697C2A800D9A3F0 /* PopoverContainerView.swift in Sources */,
				2CC211C5236FB5C1007CECEE /* ScriptsSettingsViewController.swift in Sources */,
				2C53B6E0226D404E00DC6861 /* ScriptExecution.swift in Sources */,
				2C0BC0DD24AAC518009B8631 /* Script+Require.swift in Sources */,
				2C9118B623406B530018916F /* Colors.swift in Sources */,
				2C60A4A22482FE9E006496BA /* UpdateBuddy.swift in Sources */,
				2C2066A221FE47090082570E /* PopoverViewController.swift in Sources */,
				2C9761DF2214E46800AFF8CD /* Script.swift in Sources */,
				2C60A4A4248300CE006496BA /* AppVersion.swift in Sources */,
				2C20669121FD64A20082570E /* DefaultTheme.swift in Sources */,
				2C9761DC2214E45300AFF8CD /* ScriptManager.swift in Sources */,
				2C20667621FD628E0082570E /* AppDelegate.swift in Sources */,
				2C20669E21FE445E0082570E /* OverlayView.swift in Sources */,
				2C9761E12214E68D00AFF8CD /* ScriptTableViewCell.swift in Sources */,
				2CA245DC224822EA00586DFD /* ScriptTableView.swift in Sources */,
				2C20669521FD6F400082570E /* BoopLexer.swift in Sources */,
				2C20669C21FE3E060082570E /* BoopToken.swift in Sources */,
				2C2066A621FE53870082570E /* SearchField.swift in Sources */,
				2C2066A421FE47CE0082570E /* PopoverView.swift in Sources */,
				2C20668B21FD63C90082570E /* MainViewController.swift in Sources */,
				2C20669A21FD76900082570E /* StatusView.swift in Sources */,
				2C60A4E624870678006496BA /* UpdateTextField.swift in Sources */,
				2CC211C3236E3141007CECEE /* PreferencesTabViewController.swift in Sources */,
				2CEC93FA249C2D600080B9B8 /* ThemeSettingsViewController.swift in Sources */,
				2C9761D92214E3B500AFF8CD /* ScriptsTableViewController.swift in Sources */,
			);
			runOnlyForDeploymentPostprocessing = 0;
		};
		2C60A53A24871273006496BA /* Sources */ = {
			isa = PBXSourcesBuildPhase;
			buildActionMask = 2147483647;
			files = (
				2C60A53B24871273006496BA /* ScriptsSettingsViewController.swift in Sources */,
				2C60A53C24871273006496BA /* ScriptExecution.swift in Sources */,
				2C60A53D24871273006496BA /* Colors.swift in Sources */,
				2C0BC0DE24AAC64F009B8631 /* Script+Require.swift in Sources */,
				2C60A53E24871273006496BA /* UpdateBuddy.swift in Sources */,
				2C60A53F24871273006496BA /* PopoverViewController.swift in Sources */,
				2C60A54024871273006496BA /* Script.swift in Sources */,
				2C60A54124871273006496BA /* AppVersion.swift in Sources */,
				2C9D045C24A2DAC600D27D20 /* ThemeSettingsViewController.swift in Sources */,
				2C60A54224871273006496BA /* DefaultTheme.swift in Sources */,
				2C60A54324871273006496BA /* ScriptManager.swift in Sources */,
				2C60A54424871273006496BA /* AppDelegate.swift in Sources */,
				2C873BE42697C34200D9A3F0 /* PopoverContainerView.swift in Sources */,
				2C60A54524871273006496BA /* OverlayView.swift in Sources */,
				2C60A54624871273006496BA /* ScriptTableViewCell.swift in Sources */,
				2C60A54724871273006496BA /* ScriptTableView.swift in Sources */,
				2C60A54824871273006496BA /* BoopLexer.swift in Sources */,
				2C60A54924871273006496BA /* BoopToken.swift in Sources */,
				2C60A54A24871273006496BA /* SearchField.swift in Sources */,
				2C60A54B24871273006496BA /* PopoverView.swift in Sources */,
				2C60A54C24871273006496BA /* MainViewController.swift in Sources */,
				2C60A54D24871273006496BA /* StatusView.swift in Sources */,
				2C60A54E24871273006496BA /* UpdateTextField.swift in Sources */,
				2C60A54F24871273006496BA /* PreferencesTabViewController.swift in Sources */,
				2C60A55024871273006496BA /* ScriptsTableViewController.swift in Sources */,
			);
			runOnlyForDeploymentPostprocessing = 0;
		};
/* End PBXSourcesBuildPhase section */

/* Begin PBXTargetDependency section */
		2C17C66D24271DDA005C911C /* PBXTargetDependency */ = {
			isa = PBXTargetDependency;
			target = 2C20667121FD628E0082570E /* Boop */;
			targetProxy = 2C17C66C24271DDA005C911C /* PBXContainerItemProxy */;
		};
/* End PBXTargetDependency section */

/* Begin PBXVariantGroup section */
		2C20667921FD62910082570E /* MainMenu.xib */ = {
			isa = PBXVariantGroup;
			children = (
				2C20667A21FD62910082570E /* Base */,
			);
			name = MainMenu.xib;
			sourceTree = "<group>";
		};
/* End PBXVariantGroup section */

/* Begin XCBuildConfiguration section */
		2C17C66E24271DDA005C911C /* Debug */ = {
			isa = XCBuildConfiguration;
			buildSettings = {
				BUNDLE_LOADER = "$(TEST_HOST)";
				CODE_SIGN_IDENTITY = "-";
				CODE_SIGN_STYLE = Manual;
				COMBINE_HIDPI_IMAGES = YES;
				DEVELOPMENT_TEAM = "";
				FRAMEWORK_SEARCH_PATHS = "";
				INFOPLIST_FILE = BoopTests/Info.plist;
				LD_RUNPATH_SEARCH_PATHS = (
					"$(inherited)",
					"@executable_path/../Frameworks",
					"@loader_path/../Frameworks",
				);
				PRODUCT_BUNDLE_IDENTIFIER = com.OKatBest.BoopTests;
				PRODUCT_NAME = "$(TARGET_NAME)";
				PROVISIONING_PROFILE_SPECIFIER = "";
				SWIFT_VERSION = 5.0;
				TEST_HOST = "$(BUILT_PRODUCTS_DIR)/Boop.app/Contents/MacOS/Boop";
			};
			name = Debug;
		};
		2C17C66F24271DDA005C911C /* Release */ = {
			isa = XCBuildConfiguration;
			buildSettings = {
				BUNDLE_LOADER = "$(TEST_HOST)";
				CODE_SIGN_IDENTITY = "-";
				CODE_SIGN_STYLE = Manual;
				COMBINE_HIDPI_IMAGES = YES;
				DEVELOPMENT_TEAM = "";
				FRAMEWORK_SEARCH_PATHS = "";
				INFOPLIST_FILE = BoopTests/Info.plist;
				LD_RUNPATH_SEARCH_PATHS = (
					"$(inherited)",
					"@executable_path/../Frameworks",
					"@loader_path/../Frameworks",
				);
				PRODUCT_BUNDLE_IDENTIFIER = com.OKatBest.BoopTests;
				PRODUCT_NAME = "$(TARGET_NAME)";
				PROVISIONING_PROFILE_SPECIFIER = "";
				SWIFT_VERSION = 5.0;
				TEST_HOST = "$(BUILT_PRODUCTS_DIR)/Boop.app/Contents/MacOS/Boop";
			};
			name = Release;
		};
		2C20667E21FD62910082570E /* Debug */ = {
			isa = XCBuildConfiguration;
			buildSettings = {
				ALWAYS_SEARCH_USER_PATHS = NO;
				CLANG_ANALYZER_NONNULL = YES;
				CLANG_ANALYZER_NUMBER_OBJECT_CONVERSION = YES_AGGRESSIVE;
				CLANG_CXX_LANGUAGE_STANDARD = "gnu++14";
				CLANG_CXX_LIBRARY = "libc++";
				CLANG_ENABLE_MODULES = YES;
				CLANG_ENABLE_OBJC_ARC = YES;
				CLANG_ENABLE_OBJC_WEAK = YES;
				CLANG_WARN_BLOCK_CAPTURE_AUTORELEASING = YES;
				CLANG_WARN_BOOL_CONVERSION = YES;
				CLANG_WARN_COMMA = YES;
				CLANG_WARN_CONSTANT_CONVERSION = YES;
				CLANG_WARN_DEPRECATED_OBJC_IMPLEMENTATIONS = YES;
				CLANG_WARN_DIRECT_OBJC_ISA_USAGE = YES_ERROR;
				CLANG_WARN_DOCUMENTATION_COMMENTS = YES;
				CLANG_WARN_EMPTY_BODY = YES;
				CLANG_WARN_ENUM_CONVERSION = YES;
				CLANG_WARN_INFINITE_RECURSION = YES;
				CLANG_WARN_INT_CONVERSION = YES;
				CLANG_WARN_NON_LITERAL_NULL_CONVERSION = YES;
				CLANG_WARN_OBJC_IMPLICIT_RETAIN_SELF = YES;
				CLANG_WARN_OBJC_LITERAL_CONVERSION = YES;
				CLANG_WARN_OBJC_ROOT_CLASS = YES_ERROR;
				CLANG_WARN_RANGE_LOOP_ANALYSIS = YES;
				CLANG_WARN_STRICT_PROTOTYPES = YES;
				CLANG_WARN_SUSPICIOUS_MOVE = YES;
				CLANG_WARN_UNGUARDED_AVAILABILITY = YES_AGGRESSIVE;
				CLANG_WARN_UNREACHABLE_CODE = YES;
				CLANG_WARN__DUPLICATE_METHOD_MATCH = YES;
				CODE_SIGN_IDENTITY = "-";
				COPY_PHASE_STRIP = NO;
				DEBUG_INFORMATION_FORMAT = dwarf;
				ENABLE_STRICT_OBJC_MSGSEND = YES;
				ENABLE_TESTABILITY = YES;
				GCC_C_LANGUAGE_STANDARD = gnu11;
				GCC_DYNAMIC_NO_PIC = NO;
				GCC_NO_COMMON_BLOCKS = YES;
				GCC_OPTIMIZATION_LEVEL = 0;
				GCC_PREPROCESSOR_DEFINITIONS = (
					"DEBUG=1",
					"$(inherited)",
				);
				GCC_WARN_64_TO_32_BIT_CONVERSION = YES;
				GCC_WARN_ABOUT_RETURN_TYPE = YES_ERROR;
				GCC_WARN_UNDECLARED_SELECTOR = YES;
				GCC_WARN_UNINITIALIZED_AUTOS = YES_AGGRESSIVE;
				GCC_WARN_UNUSED_FUNCTION = YES;
				GCC_WARN_UNUSED_VARIABLE = YES;
				MACOSX_DEPLOYMENT_TARGET = 10.14;
				MTL_ENABLE_DEBUG_INFO = INCLUDE_SOURCE;
				MTL_FAST_MATH = YES;
				ONLY_ACTIVE_ARCH = YES;
				SDKROOT = macosx;
				SWIFT_ACTIVE_COMPILATION_CONDITIONS = DEBUG;
				SWIFT_OPTIMIZATION_LEVEL = "-Onone";
			};
			name = Debug;
		};
		2C20667F21FD62910082570E /* Release */ = {
			isa = XCBuildConfiguration;
			buildSettings = {
				ALWAYS_SEARCH_USER_PATHS = NO;
				CLANG_ANALYZER_NONNULL = YES;
				CLANG_ANALYZER_NUMBER_OBJECT_CONVERSION = YES_AGGRESSIVE;
				CLANG_CXX_LANGUAGE_STANDARD = "gnu++14";
				CLANG_CXX_LIBRARY = "libc++";
				CLANG_ENABLE_MODULES = YES;
				CLANG_ENABLE_OBJC_ARC = YES;
				CLANG_ENABLE_OBJC_WEAK = YES;
				CLANG_WARN_BLOCK_CAPTURE_AUTORELEASING = YES;
				CLANG_WARN_BOOL_CONVERSION = YES;
				CLANG_WARN_COMMA = YES;
				CLANG_WARN_CONSTANT_CONVERSION = YES;
				CLANG_WARN_DEPRECATED_OBJC_IMPLEMENTATIONS = YES;
				CLANG_WARN_DIRECT_OBJC_ISA_USAGE = YES_ERROR;
				CLANG_WARN_DOCUMENTATION_COMMENTS = YES;
				CLANG_WARN_EMPTY_BODY = YES;
				CLANG_WARN_ENUM_CONVERSION = YES;
				CLANG_WARN_INFINITE_RECURSION = YES;
				CLANG_WARN_INT_CONVERSION = YES;
				CLANG_WARN_NON_LITERAL_NULL_CONVERSION = YES;
				CLANG_WARN_OBJC_IMPLICIT_RETAIN_SELF = YES;
				CLANG_WARN_OBJC_LITERAL_CONVERSION = YES;
				CLANG_WARN_OBJC_ROOT_CLASS = YES_ERROR;
				CLANG_WARN_RANGE_LOOP_ANALYSIS = YES;
				CLANG_WARN_STRICT_PROTOTYPES = YES;
				CLANG_WARN_SUSPICIOUS_MOVE = YES;
				CLANG_WARN_UNGUARDED_AVAILABILITY = YES_AGGRESSIVE;
				CLANG_WARN_UNREACHABLE_CODE = YES;
				CLANG_WARN__DUPLICATE_METHOD_MATCH = YES;
				CODE_SIGN_IDENTITY = "-";
				COPY_PHASE_STRIP = NO;
				DEBUG_INFORMATION_FORMAT = "dwarf-with-dsym";
				ENABLE_NS_ASSERTIONS = NO;
				ENABLE_STRICT_OBJC_MSGSEND = YES;
				GCC_C_LANGUAGE_STANDARD = gnu11;
				GCC_NO_COMMON_BLOCKS = YES;
				GCC_WARN_64_TO_32_BIT_CONVERSION = YES;
				GCC_WARN_ABOUT_RETURN_TYPE = YES_ERROR;
				GCC_WARN_UNDECLARED_SELECTOR = YES;
				GCC_WARN_UNINITIALIZED_AUTOS = YES_AGGRESSIVE;
				GCC_WARN_UNUSED_FUNCTION = YES;
				GCC_WARN_UNUSED_VARIABLE = YES;
				MACOSX_DEPLOYMENT_TARGET = 10.14;
				MTL_ENABLE_DEBUG_INFO = NO;
				MTL_FAST_MATH = YES;
				SDKROOT = macosx;
				SWIFT_COMPILATION_MODE = wholemodule;
				SWIFT_OPTIMIZATION_LEVEL = "-O";
			};
			name = Release;
		};
		2C20668121FD62910082570E /* Debug */ = {
			isa = XCBuildConfiguration;
			buildSettings = {
				ASSETCATALOG_COMPILER_APPICON_NAME = AppIcon;
				CODE_SIGN_ENTITLEMENTS = Boop/Boop.entitlements;
				CODE_SIGN_IDENTITY = "-";
				CODE_SIGN_STYLE = Automatic;
				COMBINE_HIDPI_IMAGES = YES;
				CURRENT_PROJECT_VERSION = 14;
				DEVELOPMENT_TEAM = RLZ8XBTX7G;
				FRAMEWORK_SEARCH_PATHS = (
					"$(inherited)",
					"$(PROJECT_DIR)/Boop/Frameworks",
					"$(PROJECT_DIR)",
				);
				INFOPLIST_FILE = Boop/Info.plist;
				LD_RUNPATH_SEARCH_PATHS = (
					"$(inherited)",
					"@executable_path/../Frameworks",
				);
				MACOSX_DEPLOYMENT_TARGET = 10.14;
				MARKETING_VERSION = 1.4.0;
				OTHER_CODE_SIGN_FLAGS = "--deep";
				PRODUCT_BUNDLE_IDENTIFIER = com.OKatBest.Boop;
				PRODUCT_NAME = "$(TARGET_NAME)";
				PROVISIONING_PROFILE_SPECIFIER = "";
				SWIFT_VERSION = 5.0;
			};
			name = Debug;
		};
		2C20668221FD62910082570E /* Release */ = {
			isa = XCBuildConfiguration;
			buildSettings = {
				ASSETCATALOG_COMPILER_APPICON_NAME = AppIcon;
				CODE_SIGN_ENTITLEMENTS = Boop/BoopRelease.entitlements;
				CODE_SIGN_IDENTITY = "-";
				CODE_SIGN_STYLE = Manual;
				COMBINE_HIDPI_IMAGES = YES;
				CURRENT_PROJECT_VERSION = 14;
				DEVELOPMENT_TEAM = "";
				ENABLE_HARDENED_RUNTIME = YES;
				FRAMEWORK_SEARCH_PATHS = (
					"$(inherited)",
					"$(PROJECT_DIR)/Boop/Frameworks",
					"$(PROJECT_DIR)",
				);
				INFOPLIST_FILE = Boop/Info.plist;
				LD_RUNPATH_SEARCH_PATHS = (
					"$(inherited)",
					"@executable_path/../Frameworks",
				);
				MACOSX_DEPLOYMENT_TARGET = 10.14;
				MARKETING_VERSION = 1.4.0;
				OTHER_CODE_SIGN_FLAGS = "--deep";
				PRODUCT_BUNDLE_IDENTIFIER = com.okatbest.boop;
				PRODUCT_NAME = "$(TARGET_NAME)";
				PROVISIONING_PROFILE_SPECIFIER = "";
				SWIFT_VERSION = 5.0;
			};
			name = Release;
		};
		2C60A55E24871273006496BA /* Debug */ = {
			isa = XCBuildConfiguration;
			buildSettings = {
				ASSETCATALOG_COMPILER_APPICON_NAME = AppIcon;
				CODE_SIGN_ENTITLEMENTS = Boop/Boop.entitlements;
				CODE_SIGN_IDENTITY = "-";
				CODE_SIGN_STYLE = Manual;
				COMBINE_HIDPI_IMAGES = YES;
				CURRENT_PROJECT_VERSION = 21;
				DEVELOPMENT_TEAM = "";
				FRAMEWORK_SEARCH_PATHS = (
					"$(inherited)",
					"$(PROJECT_DIR)/Boop/Frameworks",
					"$(PROJECT_DIR)",
				);
				INFOPLIST_FILE = Boop/Info.plist;
				LD_RUNPATH_SEARCH_PATHS = (
					"$(inherited)",
					"@executable_path/../Frameworks",
				);
				MACOSX_DEPLOYMENT_TARGET = 10.14;
				MARKETING_VERSION = 1.4.0;
				OTHER_CODE_SIGN_FLAGS = "--deep";
				"OTHER_SWIFT_FLAGS[arch=*]" = "-D APPSTORE";
				PRODUCT_BUNDLE_IDENTIFIER = com.OKatBest.Boop;
				PRODUCT_NAME = Boop;
				PROVISIONING_PROFILE_SPECIFIER = "";
				SWIFT_VERSION = 5.0;
			};
			name = Debug;
		};
		2C60A55F24871273006496BA /* Release */ = {
			isa = XCBuildConfiguration;
			buildSettings = {
				ASSETCATALOG_COMPILER_APPICON_NAME = AppIcon;
				CODE_SIGN_ENTITLEMENTS = Boop/Boop.entitlements;
				CODE_SIGN_IDENTITY = "Apple Development";
				CODE_SIGN_STYLE = Automatic;
				COMBINE_HIDPI_IMAGES = YES;
				CURRENT_PROJECT_VERSION = 21;
				DEVELOPMENT_TEAM = RLZ8XBTX7G;
				FRAMEWORK_SEARCH_PATHS = (
					"$(inherited)",
					"$(PROJECT_DIR)/Boop/Frameworks",
					"$(PROJECT_DIR)",
				);
				INFOPLIST_FILE = Boop/Info.plist;
				LD_RUNPATH_SEARCH_PATHS = (
					"$(inherited)",
					"@executable_path/../Frameworks",
				);
				MACOSX_DEPLOYMENT_TARGET = 10.14;
				MARKETING_VERSION = 1.4.0;
				OTHER_CODE_SIGN_FLAGS = "--deep";
				"OTHER_SWIFT_FLAGS[arch=*]" = "-D APPSTORE";
				PRODUCT_BUNDLE_IDENTIFIER = com.okatbest.boop;
				PRODUCT_NAME = Boop;
				PROVISIONING_PROFILE_SPECIFIER = "";
				SWIFT_VERSION = 5.0;
			};
			name = Release;
		};
/* End XCBuildConfiguration section */

/* Begin XCConfigurationList section */
		2C17C67024271DDA005C911C /* Build configuration list for PBXNativeTarget "BoopTests" */ = {
			isa = XCConfigurationList;
			buildConfigurations = (
				2C17C66E24271DDA005C911C /* Debug */,
				2C17C66F24271DDA005C911C /* Release */,
			);
			defaultConfigurationIsVisible = 0;
			defaultConfigurationName = Release;
		};
		2C20666D21FD628E0082570E /* Build configuration list for PBXProject "Boop" */ = {
			isa = XCConfigurationList;
			buildConfigurations = (
				2C20667E21FD62910082570E /* Debug */,
				2C20667F21FD62910082570E /* Release */,
			);
			defaultConfigurationIsVisible = 0;
			defaultConfigurationName = Release;
		};
		2C20668021FD62910082570E /* Build configuration list for PBXNativeTarget "Boop" */ = {
			isa = XCConfigurationList;
			buildConfigurations = (
				2C20668121FD62910082570E /* Debug */,
				2C20668221FD62910082570E /* Release */,
			);
			defaultConfigurationIsVisible = 0;
			defaultConfigurationName = Release;
		};
		2C60A55D24871273006496BA /* Build configuration list for PBXNativeTarget "Boop (App Store)" */ = {
			isa = XCConfigurationList;
			buildConfigurations = (
				2C60A55E24871273006496BA /* Debug */,
				2C60A55F24871273006496BA /* Release */,
			);
			defaultConfigurationIsVisible = 0;
			defaultConfigurationName = Release;
		};
/* End XCConfigurationList section */

/* Begin XCRemoteSwiftPackageReference section */
		2C8BE17F249EBADC00099B73 /* XCRemoteSwiftPackageReference "savannakit" */ = {
			isa = XCRemoteSwiftPackageReference;
			repositoryURL = "https://github.com/IvanMathy/savannakit";
			requirement = {
				branch = main;
				kind = branch;
			};
		};
		2C8BE186249EBB3D00099B73 /* XCRemoteSwiftPackageReference "fuse-swift" */ = {
			isa = XCRemoteSwiftPackageReference;
			repositoryURL = "https://github.com/IvanMathy/fuse-swift";
			requirement = {
				kind = upToNextMajorVersion;
				minimumVersion = 2.0.0;
			};
		};
/* End XCRemoteSwiftPackageReference section */

/* Begin XCSwiftPackageProductDependency section */
		2C8BE180249EBADC00099B73 /* SavannaKit */ = {
			isa = XCSwiftPackageProductDependency;
			package = 2C8BE17F249EBADC00099B73 /* XCRemoteSwiftPackageReference "savannakit" */;
			productName = SavannaKit;
		};
		2C8BE183249EBAEC00099B73 /* SavannaKit */ = {
			isa = XCSwiftPackageProductDependency;
			package = 2C8BE17F249EBADC00099B73 /* XCRemoteSwiftPackageReference "savannakit" */;
			productName = SavannaKit;
		};
		2C8BE187249EBB3D00099B73 /* Fuse */ = {
			isa = XCSwiftPackageProductDependency;
			package = 2C8BE186249EBB3D00099B73 /* XCRemoteSwiftPackageReference "fuse-swift" */;
			productName = Fuse;
		};
		2C8BE189249EBB4200099B73 /* Fuse */ = {
			isa = XCSwiftPackageProductDependency;
			package = 2C8BE186249EBB3D00099B73 /* XCRemoteSwiftPackageReference "fuse-swift" */;
			productName = Fuse;
		};
/* End XCSwiftPackageProductDependency section */
	};
	rootObject = 2C20666A21FD628E0082570E /* Project object */;
}
