{
  "pins" : [
    {
      "identity" : "fuse-swift",
      "kind" : "remoteSourceControl",
      "location" : "https://github.com/IvanMathy/fuse-swift",
      "state" : {
        "revision" : "acb9a2ec2789ce1dcca4d01872a20da801e7ac55",
        "version" : "2.0.0"
      }
    },
    {
      "identity" : "savannakit",
      "kind" : "remoteSourceControl",
      "location" : "https://github.com/IvanMathy/savannakit",
      "state" : {
        "branch" : "main",
        "revision" : "bb51ee074152a7361e7085d10723f699c79fe673"
      }
    }
  ],
  "version" : 2
}
