{
  "object": {
    "pins": [
      {
        "package": "Fuse",
        "repositoryURL": "https://github.com/IvanMathy/fuse-swift",
        "state": {
          "branch": null,
          "revision": "acb9a2ec2789ce1dcca4d01872a20da801e7ac55",
          "version": "2.0.0"
        }
      },
      {
        "package": "SavannaKit",
        "repositoryURL": "https://github.com/IvanMathy/savannakit",
        "state": {
          "branch": null,
          "revision": "2774369f72ca5d0c06fa27fa72e90ad0691be33d",
          "version": "0.15.0"
        }
      }
    ]
  },
  "version": 1
}
